
Microsoft Visual Studio Solution File, Format Version 12.00
# Visual Studio Version 17
VisualStudioVersion = 17.0.31903.59
MinimumVisualStudioVersion = 10.0.40219.1
Project("{2150E333-8FDC-42A3-9474-1A3956D46DE8}") = "src", "src", "{827E0CD3-B72D-47B6-A68D-7590B98EB39B}"
EndProject
Project("{FAE04EC0-301F-11D3-BF4B-00C04F79EFBC}") = "i26.Core", "src\i26.Core\i26.Core.csproj", "{12D91C47-F67E-4127-BFF2-13EA4EF6BDE8}"
EndProject
Project("{FAE04EC0-301F-11D3-BF4B-00C04F79EFBC}") = "i26.EntityFrameworkCore", "src\i26.EntityFrameworkCore\i26.EntityFrameworkCore.csproj", "{95875AB7-77D3-4C44-A975-367DC3580AA9}"
EndProject
Project("{2150E333-8FDC-42A3-9474-1A3956D46DE8}") = "tests", "tests", "{0AB3BF05-4346-4AA6-1389-037BE0695223}"
EndProject
Project("{FAE04EC0-301F-11D3-BF4B-00C04F79EFBC}") = "i26.Core.Tests", "tests\i26.Core.Tests\i26.Core.Tests.csproj", "{0571DA20-405A-41DD-BED1-F5FC41B9F144}"
EndProject
Project("{FAE04EC0-301F-11D3-BF4B-00C04F79EFBC}") = "i26.EntityFrameworkCore.Tests", "tests\i26.EntityFrameworkCore.Tests\i26.EntityFrameworkCore.Tests.csproj", "{31E99449-3A06-4F3D-AB41-609084D54D81}"
EndProject
Project("{FAE04EC0-301F-11D3-BF4B-00C04F79EFBC}") = "i26.AspNetCore", "src\i26.AspNetCore\i26.AspNetCore.csproj", "{7D62A9D9-2860-416A-B846-BBA95FA06947}"
EndProject
Project("{FAE04EC0-301F-11D3-BF4B-00C04F79EFBC}") = "i26.AspNetCore.Tests", "tests\i26.AspNetCore.Tests\i26.AspNetCore.Tests.csproj", "{024D8DBF-349E-4755-B734-2C8856F8DAC8}"
EndProject
Project("{FAE04EC0-301F-11D3-BF4B-00C04F79EFBC}") = "i26.Cqrs", "src\i26.Cqrs\i26.Cqrs.csproj", "{17CEA037-476C-4DDC-B871-E3645E924CA7}"
EndProject
Project("{FAE04EC0-301F-11D3-BF4B-00C04F79EFBC}") = "i26.Cqrs.Tests", "tests\i26.Cqrs.Tests\i26.Cqrs.Tests.csproj", "{E1787738-3CFB-4D1E-BD7C-73A347ED39E2}"
EndProject
Project("{FAE04EC0-301F-11D3-BF4B-00C04F79EFBC}") = "i26.Dapper", "src\i26.Dapper\i26.Dapper.csproj", "{356A1AC2-BC43-457F-89E5-07A51C321FB1}"
EndProject
Project("{FAE04EC0-301F-11D3-BF4B-00C04F79EFBC}") = "i26.Dapper.Tests", "tests\i26.Dapper.Tests\i26.Dapper.Tests.csproj", "{2E72FE45-A605-4086-ABF1-303F9AC32610}"
EndProject
Global
	GlobalSection(SolutionConfigurationPlatforms) = preSolution
		Debug|Any CPU = Debug|Any CPU
		Debug|x64 = Debug|x64
		Debug|x86 = Debug|x86
		Release|Any CPU = Release|Any CPU
		Release|x64 = Release|x64
		Release|x86 = Release|x86
	EndGlobalSection
	GlobalSection(ProjectConfigurationPlatforms) = postSolution
		{12D91C47-F67E-4127-BFF2-13EA4EF6BDE8}.Debug|Any CPU.ActiveCfg = Debug|Any CPU
		{12D91C47-F67E-4127-BFF2-13EA4EF6BDE8}.Debug|Any CPU.Build.0 = Debug|Any CPU
		{12D91C47-F67E-4127-BFF2-13EA4EF6BDE8}.Debug|x64.ActiveCfg = Debug|Any CPU
		{12D91C47-F67E-4127-BFF2-13EA4EF6BDE8}.Debug|x64.Build.0 = Debug|Any CPU
		{12D91C47-F67E-4127-BFF2-13EA4EF6BDE8}.Debug|x86.ActiveCfg = Debug|Any CPU
		{12D91C47-F67E-4127-BFF2-13EA4EF6BDE8}.Debug|x86.Build.0 = Debug|Any CPU
		{12D91C47-F67E-4127-BFF2-13EA4EF6BDE8}.Release|Any CPU.ActiveCfg = Release|Any CPU
		{12D91C47-F67E-4127-BFF2-13EA4EF6BDE8}.Release|Any CPU.Build.0 = Release|Any CPU
		{12D91C47-F67E-4127-BFF2-13EA4EF6BDE8}.Release|x64.ActiveCfg = Release|Any CPU
		{12D91C47-F67E-4127-BFF2-13EA4EF6BDE8}.Release|x64.Build.0 = Release|Any CPU
		{12D91C47-F67E-4127-BFF2-13EA4EF6BDE8}.Release|x86.ActiveCfg = Release|Any CPU
		{12D91C47-F67E-4127-BFF2-13EA4EF6BDE8}.Release|x86.Build.0 = Release|Any CPU
		{95875AB7-77D3-4C44-A975-367DC3580AA9}.Debug|Any CPU.ActiveCfg = Debug|Any CPU
		{95875AB7-77D3-4C44-A975-367DC3580AA9}.Debug|Any CPU.Build.0 = Debug|Any CPU
		{95875AB7-77D3-4C44-A975-367DC3580AA9}.Debug|x64.ActiveCfg = Debug|Any CPU
		{95875AB7-77D3-4C44-A975-367DC3580AA9}.Debug|x64.Build.0 = Debug|Any CPU
		{95875AB7-77D3-4C44-A975-367DC3580AA9}.Debug|x86.ActiveCfg = Debug|Any CPU
		{95875AB7-77D3-4C44-A975-367DC3580AA9}.Debug|x86.Build.0 = Debug|Any CPU
		{95875AB7-77D3-4C44-A975-367DC3580AA9}.Release|Any CPU.ActiveCfg = Release|Any CPU
		{95875AB7-77D3-4C44-A975-367DC3580AA9}.Release|Any CPU.Build.0 = Release|Any CPU
		{95875AB7-77D3-4C44-A975-367DC3580AA9}.Release|x64.ActiveCfg = Release|Any CPU
		{95875AB7-77D3-4C44-A975-367DC3580AA9}.Release|x64.Build.0 = Release|Any CPU
		{95875AB7-77D3-4C44-A975-367DC3580AA9}.Release|x86.ActiveCfg = Release|Any CPU
		{95875AB7-77D3-4C44-A975-367DC3580AA9}.Release|x86.Build.0 = Release|Any CPU
		{0571DA20-405A-41DD-BED1-F5FC41B9F144}.Debug|Any CPU.ActiveCfg = Debug|Any CPU
		{0571DA20-405A-41DD-BED1-F5FC41B9F144}.Debug|Any CPU.Build.0 = Debug|Any CPU
		{0571DA20-405A-41DD-BED1-F5FC41B9F144}.Debug|x64.ActiveCfg = Debug|Any CPU
		{0571DA20-405A-41DD-BED1-F5FC41B9F144}.Debug|x64.Build.0 = Debug|Any CPU
		{0571DA20-405A-41DD-BED1-F5FC41B9F144}.Debug|x86.ActiveCfg = Debug|Any CPU
		{0571DA20-405A-41DD-BED1-F5FC41B9F144}.Debug|x86.Build.0 = Debug|Any CPU
		{0571DA20-405A-41DD-BED1-F5FC41B9F144}.Release|Any CPU.ActiveCfg = Release|Any CPU
		{0571DA20-405A-41DD-BED1-F5FC41B9F144}.Release|Any CPU.Build.0 = Release|Any CPU
		{0571DA20-405A-41DD-BED1-F5FC41B9F144}.Release|x64.ActiveCfg = Release|Any CPU
		{0571DA20-405A-41DD-BED1-F5FC41B9F144}.Release|x64.Build.0 = Release|Any CPU
		{0571DA20-405A-41DD-BED1-F5FC41B9F144}.Release|x86.ActiveCfg = Release|Any CPU
		{0571DA20-405A-41DD-BED1-F5FC41B9F144}.Release|x86.Build.0 = Release|Any CPU
		{31E99449-3A06-4F3D-AB41-609084D54D81}.Debug|Any CPU.ActiveCfg = Debug|Any CPU
		{31E99449-3A06-4F3D-AB41-609084D54D81}.Debug|Any CPU.Build.0 = Debug|Any CPU
		{31E99449-3A06-4F3D-AB41-609084D54D81}.Debug|x64.ActiveCfg = Debug|Any CPU
		{31E99449-3A06-4F3D-AB41-609084D54D81}.Debug|x64.Build.0 = Debug|Any CPU
		{31E99449-3A06-4F3D-AB41-609084D54D81}.Debug|x86.ActiveCfg = Debug|Any CPU
		{31E99449-3A06-4F3D-AB41-609084D54D81}.Debug|x86.Build.0 = Debug|Any CPU
		{31E99449-3A06-4F3D-AB41-609084D54D81}.Release|Any CPU.ActiveCfg = Release|Any CPU
		{31E99449-3A06-4F3D-AB41-609084D54D81}.Release|Any CPU.Build.0 = Release|Any CPU
		{31E99449-3A06-4F3D-AB41-609084D54D81}.Release|x64.ActiveCfg = Release|Any CPU
		{31E99449-3A06-4F3D-AB41-609084D54D81}.Release|x64.Build.0 = Release|Any CPU
		{31E99449-3A06-4F3D-AB41-609084D54D81}.Release|x86.ActiveCfg = Release|Any CPU
		{31E99449-3A06-4F3D-AB41-609084D54D81}.Release|x86.Build.0 = Release|Any CPU
		{7D62A9D9-2860-416A-B846-BBA95FA06947}.Debug|Any CPU.ActiveCfg = Debug|Any CPU
		{7D62A9D9-2860-416A-B846-BBA95FA06947}.Debug|Any CPU.Build.0 = Debug|Any CPU
		{7D62A9D9-2860-416A-B846-BBA95FA06947}.Debug|x64.ActiveCfg = Debug|Any CPU
		{7D62A9D9-2860-416A-B846-BBA95FA06947}.Debug|x64.Build.0 = Debug|Any CPU
		{7D62A9D9-2860-416A-B846-BBA95FA06947}.Debug|x86.ActiveCfg = Debug|Any CPU
		{7D62A9D9-2860-416A-B846-BBA95FA06947}.Debug|x86.Build.0 = Debug|Any CPU
		{7D62A9D9-2860-416A-B846-BBA95FA06947}.Release|Any CPU.ActiveCfg = Release|Any CPU
		{7D62A9D9-2860-416A-B846-BBA95FA06947}.Release|Any CPU.Build.0 = Release|Any CPU
		{7D62A9D9-2860-416A-B846-BBA95FA06947}.Release|x64.ActiveCfg = Release|Any CPU
		{7D62A9D9-2860-416A-B846-BBA95FA06947}.Release|x64.Build.0 = Release|Any CPU
		{7D62A9D9-2860-416A-B846-BBA95FA06947}.Release|x86.ActiveCfg = Release|Any CPU
		{7D62A9D9-2860-416A-B846-BBA95FA06947}.Release|x86.Build.0 = Release|Any CPU
		{024D8DBF-349E-4755-B734-2C8856F8DAC8}.Debug|Any CPU.ActiveCfg = Debug|Any CPU
		{024D8DBF-349E-4755-B734-2C8856F8DAC8}.Debug|Any CPU.Build.0 = Debug|Any CPU
		{024D8DBF-349E-4755-B734-2C8856F8DAC8}.Debug|x64.ActiveCfg = Debug|Any CPU
		{024D8DBF-349E-4755-B734-2C8856F8DAC8}.Debug|x64.Build.0 = Debug|Any CPU
		{024D8DBF-349E-4755-B734-2C8856F8DAC8}.Debug|x86.ActiveCfg = Debug|Any CPU
		{024D8DBF-349E-4755-B734-2C8856F8DAC8}.Debug|x86.Build.0 = Debug|Any CPU
		{024D8DBF-349E-4755-B734-2C8856F8DAC8}.Release|Any CPU.ActiveCfg = Release|Any CPU
		{024D8DBF-349E-4755-B734-2C8856F8DAC8}.Release|Any CPU.Build.0 = Release|Any CPU
		{024D8DBF-349E-4755-B734-2C8856F8DAC8}.Release|x64.ActiveCfg = Release|Any CPU
		{024D8DBF-349E-4755-B734-2C8856F8DAC8}.Release|x64.Build.0 = Release|Any CPU
		{024D8DBF-349E-4755-B734-2C8856F8DAC8}.Release|x86.ActiveCfg = Release|Any CPU
		{024D8DBF-349E-4755-B734-2C8856F8DAC8}.Release|x86.Build.0 = Release|Any CPU
		{17CEA037-476C-4DDC-B871-E3645E924CA7}.Debug|Any CPU.ActiveCfg = Debug|Any CPU
		{17CEA037-476C-4DDC-B871-E3645E924CA7}.Debug|Any CPU.Build.0 = Debug|Any CPU
		{17CEA037-476C-4DDC-B871-E3645E924CA7}.Debug|x64.ActiveCfg = Debug|Any CPU
		{17CEA037-476C-4DDC-B871-E3645E924CA7}.Debug|x64.Build.0 = Debug|Any CPU
		{17CEA037-476C-4DDC-B871-E3645E924CA7}.Debug|x86.ActiveCfg = Debug|Any CPU
		{17CEA037-476C-4DDC-B871-E3645E924CA7}.Debug|x86.Build.0 = Debug|Any CPU
		{17CEA037-476C-4DDC-B871-E3645E924CA7}.Release|Any CPU.ActiveCfg = Release|Any CPU
		{17CEA037-476C-4DDC-B871-E3645E924CA7}.Release|Any CPU.Build.0 = Release|Any CPU
		{17CEA037-476C-4DDC-B871-E3645E924CA7}.Release|x64.ActiveCfg = Release|Any CPU
		{17CEA037-476C-4DDC-B871-E3645E924CA7}.Release|x64.Build.0 = Release|Any CPU
		{17CEA037-476C-4DDC-B871-E3645E924CA7}.Release|x86.ActiveCfg = Release|Any CPU
		{17CEA037-476C-4DDC-B871-E3645E924CA7}.Release|x86.Build.0 = Release|Any CPU
		{E1787738-3CFB-4D1E-BD7C-73A347ED39E2}.Debug|Any CPU.ActiveCfg = Debug|Any CPU
		{E1787738-3CFB-4D1E-BD7C-73A347ED39E2}.Debug|Any CPU.Build.0 = Debug|Any CPU
		{E1787738-3CFB-4D1E-BD7C-73A347ED39E2}.Debug|x64.ActiveCfg = Debug|Any CPU
		{E1787738-3CFB-4D1E-BD7C-73A347ED39E2}.Debug|x64.Build.0 = Debug|Any CPU
		{E1787738-3CFB-4D1E-BD7C-73A347ED39E2}.Debug|x86.ActiveCfg = Debug|Any CPU
		{E1787738-3CFB-4D1E-BD7C-73A347ED39E2}.Debug|x86.Build.0 = Debug|Any CPU
		{E1787738-3CFB-4D1E-BD7C-73A347ED39E2}.Release|Any CPU.ActiveCfg = Release|Any CPU
		{E1787738-3CFB-4D1E-BD7C-73A347ED39E2}.Release|Any CPU.Build.0 = Release|Any CPU
		{E1787738-3CFB-4D1E-BD7C-73A347ED39E2}.Release|x64.ActiveCfg = Release|Any CPU
		{E1787738-3CFB-4D1E-BD7C-73A347ED39E2}.Release|x64.Build.0 = Release|Any CPU
		{E1787738-3CFB-4D1E-BD7C-73A347ED39E2}.Release|x86.ActiveCfg = Release|Any CPU
		{E1787738-3CFB-4D1E-BD7C-73A347ED39E2}.Release|x86.Build.0 = Release|Any CPU
		{356A1AC2-BC43-457F-89E5-07A51C321FB1}.Debug|Any CPU.ActiveCfg = Debug|Any CPU
		{356A1AC2-BC43-457F-89E5-07A51C321FB1}.Debug|Any CPU.Build.0 = Debug|Any CPU
		{356A1AC2-BC43-457F-89E5-07A51C321FB1}.Debug|x64.ActiveCfg = Debug|Any CPU
		{356A1AC2-BC43-457F-89E5-07A51C321FB1}.Debug|x64.Build.0 = Debug|Any CPU
		{356A1AC2-BC43-457F-89E5-07A51C321FB1}.Debug|x86.ActiveCfg = Debug|Any CPU
		{356A1AC2-BC43-457F-89E5-07A51C321FB1}.Debug|x86.Build.0 = Debug|Any CPU
		{356A1AC2-BC43-457F-89E5-07A51C321FB1}.Release|Any CPU.ActiveCfg = Release|Any CPU
		{356A1AC2-BC43-457F-89E5-07A51C321FB1}.Release|Any CPU.Build.0 = Release|Any CPU
		{356A1AC2-BC43-457F-89E5-07A51C321FB1}.Release|x64.ActiveCfg = Release|Any CPU
		{356A1AC2-BC43-457F-89E5-07A51C321FB1}.Release|x64.Build.0 = Release|Any CPU
		{356A1AC2-BC43-457F-89E5-07A51C321FB1}.Release|x86.ActiveCfg = Release|Any CPU
		{356A1AC2-BC43-457F-89E5-07A51C321FB1}.Release|x86.Build.0 = Release|Any CPU
		{2E72FE45-A605-4086-ABF1-303F9AC32610}.Debug|Any CPU.ActiveCfg = Debug|Any CPU
		{2E72FE45-A605-4086-ABF1-303F9AC32610}.Debug|Any CPU.Build.0 = Debug|Any CPU
		{2E72FE45-A605-4086-ABF1-303F9AC32610}.Debug|x64.ActiveCfg = Debug|Any CPU
		{2E72FE45-A605-4086-ABF1-303F9AC32610}.Debug|x64.Build.0 = Debug|Any CPU
		{2E72FE45-A605-4086-ABF1-303F9AC32610}.Debug|x86.ActiveCfg = Debug|Any CPU
		{2E72FE45-A605-4086-ABF1-303F9AC32610}.Debug|x86.Build.0 = Debug|Any CPU
		{2E72FE45-A605-4086-ABF1-303F9AC32610}.Release|Any CPU.ActiveCfg = Release|Any CPU
		{2E72FE45-A605-4086-ABF1-303F9AC32610}.Release|Any CPU.Build.0 = Release|Any CPU
		{2E72FE45-A605-4086-ABF1-303F9AC32610}.Release|x64.ActiveCfg = Release|Any CPU
		{2E72FE45-A605-4086-ABF1-303F9AC32610}.Release|x64.Build.0 = Release|Any CPU
		{2E72FE45-A605-4086-ABF1-303F9AC32610}.Release|x86.ActiveCfg = Release|Any CPU
		{2E72FE45-A605-4086-ABF1-303F9AC32610}.Release|x86.Build.0 = Release|Any CPU
	EndGlobalSection
	GlobalSection(SolutionProperties) = preSolution
		HideSolutionNode = FALSE
	EndGlobalSection
	GlobalSection(NestedProjects) = preSolution
		{12D91C47-F67E-4127-BFF2-13EA4EF6BDE8} = {827E0CD3-B72D-47B6-A68D-7590B98EB39B}
		{95875AB7-77D3-4C44-A975-367DC3580AA9} = {827E0CD3-B72D-47B6-A68D-7590B98EB39B}
		{0571DA20-405A-41DD-BED1-F5FC41B9F144} = {0AB3BF05-4346-4AA6-1389-037BE0695223}
		{31E99449-3A06-4F3D-AB41-609084D54D81} = {0AB3BF05-4346-4AA6-1389-037BE0695223}
		{7D62A9D9-2860-416A-B846-BBA95FA06947} = {827E0CD3-B72D-47B6-A68D-7590B98EB39B}
		{024D8DBF-349E-4755-B734-2C8856F8DAC8} = {0AB3BF05-4346-4AA6-1389-037BE0695223}
		{17CEA037-476C-4DDC-B871-E3645E924CA7} = {827E0CD3-B72D-47B6-A68D-7590B98EB39B}
		{E1787738-3CFB-4D1E-BD7C-73A347ED39E2} = {0AB3BF05-4346-4AA6-1389-037BE0695223}
		{356A1AC2-BC43-457F-89E5-07A51C321FB1} = {827E0CD3-B72D-47B6-A68D-7590B98EB39B}
		{2E72FE45-A605-4086-ABF1-303F9AC32610} = {0AB3BF05-4346-4AA6-1389-037BE0695223}
	EndGlobalSection
EndGlobal
